
Microsoft Visual Studio Solution File, Format Version 12.00
# Visual Studio Version 16
VisualStudioVersion = 16.0.31424.327
MinimumVisualStudioVersion = 10.0.40219.1
Project("{9A19103F-16F7-4668-BE54-9A1E7A4F7556}") = "NewPages.Module", "NewPages.Module\NewPages.Module.csproj", "{0898BFA7-6C8B-46AE-A151-1B1A31876720}"
EndProject
Project("{9A19103F-16F7-4668-BE54-9A1E7A4F7556}") = "NewPages.Module.Win", "NewPages.Module.Win\NewPages.Module.Win.csproj", "{FFB7B8A1-7DDA-4D7C-A717-6CA6108C7CE8}"
EndProject
Project("{9A19103F-16F7-4668-BE54-9A1E7A4F7556}") = "NewPages.Win", "NewPages.Win\NewPages.Win.csproj", "{30445686-E29B-4008-8111-E8771E7DD7D3}"
EndProject
Project("{9A19103F-16F7-4668-BE54-9A1E7A4F7556}") = "NewPages.Module.Blazor", "NewPages.Module.Blazor\NewPages.Module.Blazor.csproj", "{BB7617B0-FF29-4B2F-848E-59D225E256DE}"
EndProject
Project("{9A19103F-16F7-4668-BE54-9A1E7A4F7556}") = "NewPages.Blazor.Server", "NewPages.Blazor.Server\NewPages.Blazor.Server.csproj", "{C211A694-B61F-4E48-B36D-C3946268E806}"
EndProject
Project("{9A19103F-16F7-4668-BE54-9A1E7A4F7556}") = "NewPages.Mobile", "NewPages.Mobile\NewPages.Mobile.csproj", "{FA582AA0-BDDD-4A9C-AABC-E2099CC1CAA4}"
EndProject
Project("{FAE04EC0-301F-11D3-BF4B-00C04F79EFBC}") = "NewPages.Mobile.Android", "NewPages.Mobile.Android\NewPages.Mobile.Android.csproj", "{F3169BB6-77AE-4D8A-9854-2ECCCF73B7A6}"
EndProject
Project("{FAE04EC0-301F-11D3-BF4B-00C04F79EFBC}") = "NewPages.Mobile.iOS", "NewPages.Mobile.iOS\NewPages.Mobile.iOS.csproj", "{33DAC53C-94CF-4C5F-8CB7-2EBF8A92F0E3}"
EndProject
Project("{9A19103F-16F7-4668-BE54-9A1E7A4F7556}") = "NewPages.SyncServer", "NewPages.SyncServer\NewPages.SyncServer.csproj", "{305D85FC-1253-49F9-96CE-5FF6FC20A01C}"
EndProject
Project("{2150E333-8FDC-42A3-9474-1A3956D46DE8}") = "Solution Items", "Solution Items", "{595D56DC-998F-4136-AE1B-8214B025AAA9}"
	ProjectSection(SolutionItems) = preProject
		Clean.bat = Clean.bat
		Directory.Build.props = Directory.Build.props
	EndProjectSection
EndProject
Global
	GlobalSection(SolutionConfigurationPlatforms) = preSolution
		Ad-Hoc|Any CPU = Ad-Hoc|Any CPU
		Ad-Hoc|iPhone = Ad-Hoc|iPhone
		Ad-Hoc|iPhoneSimulator = Ad-Hoc|iPhoneSimulator
		AppStore|Any CPU = AppStore|Any CPU
		AppStore|iPhone = AppStore|iPhone
		AppStore|iPhoneSimulator = AppStore|iPhoneSimulator
		Debug|Any CPU = Debug|Any CPU
		Debug|iPhone = Debug|iPhone
		Debug|iPhoneSimulator = Debug|iPhoneSimulator
		Release|Any CPU = Release|Any CPU
		Release|iPhone = Release|iPhone
		Release|iPhoneSimulator = Release|iPhoneSimulator
	EndGlobalSection
	GlobalSection(ProjectConfigurationPlatforms) = postSolution
		{0898BFA7-6C8B-46AE-A151-1B1A31876720}.Ad-Hoc|Any CPU.ActiveCfg = Debug|Any CPU
		{0898BFA7-6C8B-46AE-A151-1B1A31876720}.Ad-Hoc|Any CPU.Build.0 = Debug|Any CPU
		{0898BFA7-6C8B-46AE-A151-1B1A31876720}.Ad-Hoc|iPhone.ActiveCfg = Debug|Any CPU
		{0898BFA7-6C8B-46AE-A151-1B1A31876720}.Ad-Hoc|iPhone.Build.0 = Debug|Any CPU
		{0898BFA7-6C8B-46AE-A151-1B1A31876720}.Ad-Hoc|iPhoneSimulator.ActiveCfg = Debug|Any CPU
		{0898BFA7-6C8B-46AE-A151-1B1A31876720}.Ad-Hoc|iPhoneSimulator.Build.0 = Debug|Any CPU
		{0898BFA7-6C8B-46AE-A151-1B1A31876720}.AppStore|Any CPU.ActiveCfg = Debug|Any CPU
		{0898BFA7-6C8B-46AE-A151-1B1A31876720}.AppStore|Any CPU.Build.0 = Debug|Any CPU
		{0898BFA7-6C8B-46AE-A151-1B1A31876720}.AppStore|iPhone.ActiveCfg = Debug|Any CPU
		{0898BFA7-6C8B-46AE-A151-1B1A31876720}.AppStore|iPhone.Build.0 = Debug|Any CPU
		{0898BFA7-6C8B-46AE-A151-1B1A31876720}.AppStore|iPhoneSimulator.ActiveCfg = Debug|Any CPU
		{0898BFA7-6C8B-46AE-A151-1B1A31876720}.AppStore|iPhoneSimulator.Build.0 = Debug|Any CPU
		{0898BFA7-6C8B-46AE-A151-1B1A31876720}.Debug|Any CPU.ActiveCfg = Debug|Any CPU
		{0898BFA7-6C8B-46AE-A151-1B1A31876720}.Debug|Any CPU.Build.0 = Debug|Any CPU
		{0898BFA7-6C8B-46AE-A151-1B1A31876720}.Debug|iPhone.ActiveCfg = Debug|Any CPU
		{0898BFA7-6C8B-46AE-A151-1B1A31876720}.Debug|iPhone.Build.0 = Debug|Any CPU
		{0898BFA7-6C8B-46AE-A151-1B1A31876720}.Debug|iPhoneSimulator.ActiveCfg = Debug|Any CPU
		{0898BFA7-6C8B-46AE-A151-1B1A31876720}.Debug|iPhoneSimulator.Build.0 = Debug|Any CPU
		{0898BFA7-6C8B-46AE-A151-1B1A31876720}.Release|Any CPU.ActiveCfg = Release|Any CPU
		{0898BFA7-6C8B-46AE-A151-1B1A31876720}.Release|Any CPU.Build.0 = Release|Any CPU
		{0898BFA7-6C8B-46AE-A151-1B1A31876720}.Release|iPhone.ActiveCfg = Release|Any CPU
		{0898BFA7-6C8B-46AE-A151-1B1A31876720}.Release|iPhone.Build.0 = Release|Any CPU
		{0898BFA7-6C8B-46AE-A151-1B1A31876720}.Release|iPhoneSimulator.ActiveCfg = Release|Any CPU
		{0898BFA7-6C8B-46AE-A151-1B1A31876720}.Release|iPhoneSimulator.Build.0 = Release|Any CPU
		{FFB7B8A1-7DDA-4D7C-A717-6CA6108C7CE8}.Ad-Hoc|Any CPU.ActiveCfg = Debug|Any CPU
		{FFB7B8A1-7DDA-4D7C-A717-6CA6108C7CE8}.Ad-Hoc|Any CPU.Build.0 = Debug|Any CPU
		{FFB7B8A1-7DDA-4D7C-A717-6CA6108C7CE8}.Ad-Hoc|iPhone.ActiveCfg = Debug|Any CPU
		{FFB7B8A1-7DDA-4D7C-A717-6CA6108C7CE8}.Ad-Hoc|iPhone.Build.0 = Debug|Any CPU
		{FFB7B8A1-7DDA-4D7C-A717-6CA6108C7CE8}.Ad-Hoc|iPhoneSimulator.ActiveCfg = Debug|Any CPU
		{FFB7B8A1-7DDA-4D7C-A717-6CA6108C7CE8}.Ad-Hoc|iPhoneSimulator.Build.0 = Debug|Any CPU
		{FFB7B8A1-7DDA-4D7C-A717-6CA6108C7CE8}.AppStore|Any CPU.ActiveCfg = Debug|Any CPU
		{FFB7B8A1-7DDA-4D7C-A717-6CA6108C7CE8}.AppStore|Any CPU.Build.0 = Debug|Any CPU
		{FFB7B8A1-7DDA-4D7C-A717-6CA6108C7CE8}.AppStore|iPhone.ActiveCfg = Debug|Any CPU
		{FFB7B8A1-7DDA-4D7C-A717-6CA6108C7CE8}.AppStore|iPhone.Build.0 = Debug|Any CPU
		{FFB7B8A1-7DDA-4D7C-A717-6CA6108C7CE8}.AppStore|iPhoneSimulator.ActiveCfg = Debug|Any CPU
		{FFB7B8A1-7DDA-4D7C-A717-6CA6108C7CE8}.AppStore|iPhoneSimulator.Build.0 = Debug|Any CPU
		{FFB7B8A1-7DDA-4D7C-A717-6CA6108C7CE8}.Debug|Any CPU.ActiveCfg = Debug|Any CPU
		{FFB7B8A1-7DDA-4D7C-A717-6CA6108C7CE8}.Debug|Any CPU.Build.0 = Debug|Any CPU
		{FFB7B8A1-7DDA-4D7C-A717-6CA6108C7CE8}.Debug|iPhone.ActiveCfg = Debug|Any CPU
		{FFB7B8A1-7DDA-4D7C-A717-6CA6108C7CE8}.Debug|iPhone.Build.0 = Debug|Any CPU
		{FFB7B8A1-7DDA-4D7C-A717-6CA6108C7CE8}.Debug|iPhoneSimulator.ActiveCfg = Debug|Any CPU
		{FFB7B8A1-7DDA-4D7C-A717-6CA6108C7CE8}.Debug|iPhoneSimulator.Build.0 = Debug|Any CPU
		{FFB7B8A1-7DDA-4D7C-A717-6CA6108C7CE8}.Release|Any CPU.ActiveCfg = Release|Any CPU
		{FFB7B8A1-7DDA-4D7C-A717-6CA6108C7CE8}.Release|Any CPU.Build.0 = Release|Any CPU
		{FFB7B8A1-7DDA-4D7C-A717-6CA6108C7CE8}.Release|iPhone.ActiveCfg = Release|Any CPU
		{FFB7B8A1-7DDA-4D7C-A717-6CA6108C7CE8}.Release|iPhone.Build.0 = Release|Any CPU
		{FFB7B8A1-7DDA-4D7C-A717-6CA6108C7CE8}.Release|iPhoneSimulator.ActiveCfg = Release|Any CPU
		{FFB7B8A1-7DDA-4D7C-A717-6CA6108C7CE8}.Release|iPhoneSimulator.Build.0 = Release|Any CPU
		{30445686-E29B-4008-8111-E8771E7DD7D3}.Ad-Hoc|Any CPU.ActiveCfg = Debug|Any CPU
		{30445686-E29B-4008-8111-E8771E7DD7D3}.Ad-Hoc|Any CPU.Build.0 = Debug|Any CPU
		{30445686-E29B-4008-8111-E8771E7DD7D3}.Ad-Hoc|iPhone.ActiveCfg = Debug|Any CPU
		{30445686-E29B-4008-8111-E8771E7DD7D3}.Ad-Hoc|iPhone.Build.0 = Debug|Any CPU
		{30445686-E29B-4008-8111-E8771E7DD7D3}.Ad-Hoc|iPhoneSimulator.ActiveCfg = Debug|Any CPU
		{30445686-E29B-4008-8111-E8771E7DD7D3}.Ad-Hoc|iPhoneSimulator.Build.0 = Debug|Any CPU
		{30445686-E29B-4008-8111-E8771E7DD7D3}.AppStore|Any CPU.ActiveCfg = Debug|Any CPU
		{30445686-E29B-4008-8111-E8771E7DD7D3}.AppStore|Any CPU.Build.0 = Debug|Any CPU
		{30445686-E29B-4008-8111-E8771E7DD7D3}.AppStore|iPhone.ActiveCfg = Debug|Any CPU
		{30445686-E29B-4008-8111-E8771E7DD7D3}.AppStore|iPhone.Build.0 = Debug|Any CPU
		{30445686-E29B-4008-8111-E8771E7DD7D3}.AppStore|iPhoneSimulator.ActiveCfg = Debug|Any CPU
		{30445686-E29B-4008-8111-E8771E7DD7D3}.AppStore|iPhoneSimulator.Build.0 = Debug|Any CPU
		{30445686-E29B-4008-8111-E8771E7DD7D3}.Debug|Any CPU.ActiveCfg = Debug|Any CPU
		{30445686-E29B-4008-8111-E8771E7DD7D3}.Debug|Any CPU.Build.0 = Debug|Any CPU
		{30445686-E29B-4008-8111-E8771E7DD7D3}.Debug|iPhone.ActiveCfg = Debug|Any CPU
		{30445686-E29B-4008-8111-E8771E7DD7D3}.Debug|iPhone.Build.0 = Debug|Any CPU
		{30445686-E29B-4008-8111-E8771E7DD7D3}.Debug|iPhoneSimulator.ActiveCfg = Debug|Any CPU
		{30445686-E29B-4008-8111-E8771E7DD7D3}.Debug|iPhoneSimulator.Build.0 = Debug|Any CPU
		{30445686-E29B-4008-8111-E8771E7DD7D3}.Release|Any CPU.ActiveCfg = Release|Any CPU
		{30445686-E29B-4008-8111-E8771E7DD7D3}.Release|Any CPU.Build.0 = Release|Any CPU
		{30445686-E29B-4008-8111-E8771E7DD7D3}.Release|iPhone.ActiveCfg = Release|Any CPU
		{30445686-E29B-4008-8111-E8771E7DD7D3}.Release|iPhone.Build.0 = Release|Any CPU
		{30445686-E29B-4008-8111-E8771E7DD7D3}.Release|iPhoneSimulator.ActiveCfg = Release|Any CPU
		{30445686-E29B-4008-8111-E8771E7DD7D3}.Release|iPhoneSimulator.Build.0 = Release|Any CPU
		{BB7617B0-FF29-4B2F-848E-59D225E256DE}.Ad-Hoc|Any CPU.ActiveCfg = Debug|Any CPU
		{BB7617B0-FF29-4B2F-848E-59D225E256DE}.Ad-Hoc|Any CPU.Build.0 = Debug|Any CPU
		{BB7617B0-FF29-4B2F-848E-59D225E256DE}.Ad-Hoc|iPhone.ActiveCfg = Debug|Any CPU
		{BB7617B0-FF29-4B2F-848E-59D225E256DE}.Ad-Hoc|iPhone.Build.0 = Debug|Any CPU
		{BB7617B0-FF29-4B2F-848E-59D225E256DE}.Ad-Hoc|iPhoneSimulator.ActiveCfg = Debug|Any CPU
		{BB7617B0-FF29-4B2F-848E-59D225E256DE}.Ad-Hoc|iPhoneSimulator.Build.0 = Debug|Any CPU
		{BB7617B0-FF29-4B2F-848E-59D225E256DE}.AppStore|Any CPU.ActiveCfg = Debug|Any CPU
		{BB7617B0-FF29-4B2F-848E-59D225E256DE}.AppStore|Any CPU.Build.0 = Debug|Any CPU
		{BB7617B0-FF29-4B2F-848E-59D225E256DE}.AppStore|iPhone.ActiveCfg = Debug|Any CPU
		{BB7617B0-FF29-4B2F-848E-59D225E256DE}.AppStore|iPhone.Build.0 = Debug|Any CPU
		{BB7617B0-FF29-4B2F-848E-59D225E256DE}.AppStore|iPhoneSimulator.ActiveCfg = Debug|Any CPU
		{BB7617B0-FF29-4B2F-848E-59D225E256DE}.AppStore|iPhoneSimulator.Build.0 = Debug|Any CPU
		{BB7617B0-FF29-4B2F-848E-59D225E256DE}.Debug|Any CPU.ActiveCfg = Debug|Any CPU
		{BB7617B0-FF29-4B2F-848E-59D225E256DE}.Debug|Any CPU.Build.0 = Debug|Any CPU
		{BB7617B0-FF29-4B2F-848E-59D225E256DE}.Debug|iPhone.ActiveCfg = Debug|Any CPU
		{BB7617B0-FF29-4B2F-848E-59D225E256DE}.Debug|iPhone.Build.0 = Debug|Any CPU
		{BB7617B0-FF29-4B2F-848E-59D225E256DE}.Debug|iPhoneSimulator.ActiveCfg = Debug|Any CPU
		{BB7617B0-FF29-4B2F-848E-59D225E256DE}.Debug|iPhoneSimulator.Build.0 = Debug|Any CPU
		{BB7617B0-FF29-4B2F-848E-59D225E256DE}.Release|Any CPU.ActiveCfg = Release|Any CPU
		{BB7617B0-FF29-4B2F-848E-59D225E256DE}.Release|Any CPU.Build.0 = Release|Any CPU
		{BB7617B0-FF29-4B2F-848E-59D225E256DE}.Release|iPhone.ActiveCfg = Release|Any CPU
		{BB7617B0-FF29-4B2F-848E-59D225E256DE}.Release|iPhone.Build.0 = Release|Any CPU
		{BB7617B0-FF29-4B2F-848E-59D225E256DE}.Release|iPhoneSimulator.ActiveCfg = Release|Any CPU
		{BB7617B0-FF29-4B2F-848E-59D225E256DE}.Release|iPhoneSimulator.Build.0 = Release|Any CPU
		{C211A694-B61F-4E48-B36D-C3946268E806}.Ad-Hoc|Any CPU.ActiveCfg = Debug|Any CPU
		{C211A694-B61F-4E48-B36D-C3946268E806}.Ad-Hoc|Any CPU.Build.0 = Debug|Any CPU
		{C211A694-B61F-4E48-B36D-C3946268E806}.Ad-Hoc|iPhone.ActiveCfg = Debug|Any CPU
		{C211A694-B61F-4E48-B36D-C3946268E806}.Ad-Hoc|iPhone.Build.0 = Debug|Any CPU
		{C211A694-B61F-4E48-B36D-C3946268E806}.Ad-Hoc|iPhoneSimulator.ActiveCfg = Debug|Any CPU
		{C211A694-B61F-4E48-B36D-C3946268E806}.Ad-Hoc|iPhoneSimulator.Build.0 = Debug|Any CPU
		{C211A694-B61F-4E48-B36D-C3946268E806}.AppStore|Any CPU.ActiveCfg = Debug|Any CPU
		{C211A694-B61F-4E48-B36D-C3946268E806}.AppStore|Any CPU.Build.0 = Debug|Any CPU
		{C211A694-B61F-4E48-B36D-C3946268E806}.AppStore|iPhone.ActiveCfg = Debug|Any CPU
		{C211A694-B61F-4E48-B36D-C3946268E806}.AppStore|iPhone.Build.0 = Debug|Any CPU
		{C211A694-B61F-4E48-B36D-C3946268E806}.AppStore|iPhoneSimulator.ActiveCfg = Debug|Any CPU
		{C211A694-B61F-4E48-B36D-C3946268E806}.AppStore|iPhoneSimulator.Build.0 = Debug|Any CPU
		{C211A694-B61F-4E48-B36D-C3946268E806}.Debug|Any CPU.ActiveCfg = Debug|Any CPU
		{C211A694-B61F-4E48-B36D-C3946268E806}.Debug|Any CPU.Build.0 = Debug|Any CPU
		{C211A694-B61F-4E48-B36D-C3946268E806}.Debug|iPhone.ActiveCfg = Debug|Any CPU
		{C211A694-B61F-4E48-B36D-C3946268E806}.Debug|iPhone.Build.0 = Debug|Any CPU
		{C211A694-B61F-4E48-B36D-C3946268E806}.Debug|iPhoneSimulator.ActiveCfg = Debug|Any CPU
		{C211A694-B61F-4E48-B36D-C3946268E806}.Debug|iPhoneSimulator.Build.0 = Debug|Any CPU
		{C211A694-B61F-4E48-B36D-C3946268E806}.Release|Any CPU.ActiveCfg = Release|Any CPU
		{C211A694-B61F-4E48-B36D-C3946268E806}.Release|Any CPU.Build.0 = Release|Any CPU
		{C211A694-B61F-4E48-B36D-C3946268E806}.Release|iPhone.ActiveCfg = Release|Any CPU
		{C211A694-B61F-4E48-B36D-C3946268E806}.Release|iPhone.Build.0 = Release|Any CPU
		{C211A694-B61F-4E48-B36D-C3946268E806}.Release|iPhoneSimulator.ActiveCfg = Release|Any CPU
		{C211A694-B61F-4E48-B36D-C3946268E806}.Release|iPhoneSimulator.Build.0 = Release|Any CPU
		{FA582AA0-BDDD-4A9C-AABC-E2099CC1CAA4}.Ad-Hoc|Any CPU.ActiveCfg = Debug|Any CPU
		{FA582AA0-BDDD-4A9C-AABC-E2099CC1CAA4}.Ad-Hoc|Any CPU.Build.0 = Debug|Any CPU
		{FA582AA0-BDDD-4A9C-AABC-E2099CC1CAA4}.Ad-Hoc|iPhone.ActiveCfg = Debug|Any CPU
		{FA582AA0-BDDD-4A9C-AABC-E2099CC1CAA4}.Ad-Hoc|iPhone.Build.0 = Debug|Any CPU
		{FA582AA0-BDDD-4A9C-AABC-E2099CC1CAA4}.Ad-Hoc|iPhoneSimulator.ActiveCfg = Debug|Any CPU
		{FA582AA0-BDDD-4A9C-AABC-E2099CC1CAA4}.Ad-Hoc|iPhoneSimulator.Build.0 = Debug|Any CPU
		{FA582AA0-BDDD-4A9C-AABC-E2099CC1CAA4}.AppStore|Any CPU.ActiveCfg = Debug|Any CPU
		{FA582AA0-BDDD-4A9C-AABC-E2099CC1CAA4}.AppStore|Any CPU.Build.0 = Debug|Any CPU
		{FA582AA0-BDDD-4A9C-AABC-E2099CC1CAA4}.AppStore|iPhone.ActiveCfg = Debug|Any CPU
		{FA582AA0-BDDD-4A9C-AABC-E2099CC1CAA4}.AppStore|iPhone.Build.0 = Debug|Any CPU
		{FA582AA0-BDDD-4A9C-AABC-E2099CC1CAA4}.AppStore|iPhoneSimulator.ActiveCfg = Debug|Any CPU
		{FA582AA0-BDDD-4A9C-AABC-E2099CC1CAA4}.AppStore|iPhoneSimulator.Build.0 = Debug|Any CPU
		{FA582AA0-BDDD-4A9C-AABC-E2099CC1CAA4}.Debug|Any CPU.ActiveCfg = Debug|Any CPU
		{FA582AA0-BDDD-4A9C-AABC-E2099CC1CAA4}.Debug|Any CPU.Build.0 = Debug|Any CPU
		{FA582AA0-BDDD-4A9C-AABC-E2099CC1CAA4}.Debug|iPhone.ActiveCfg = Debug|Any CPU
		{FA582AA0-BDDD-4A9C-AABC-E2099CC1CAA4}.Debug|iPhone.Build.0 = Debug|Any CPU
		{FA582AA0-BDDD-4A9C-AABC-E2099CC1CAA4}.Debug|iPhoneSimulator.ActiveCfg = Debug|Any CPU
		{FA582AA0-BDDD-4A9C-AABC-E2099CC1CAA4}.Debug|iPhoneSimulator.Build.0 = Debug|Any CPU
		{FA582AA0-BDDD-4A9C-AABC-E2099CC1CAA4}.Release|Any CPU.ActiveCfg = Release|Any CPU
		{FA582AA0-BDDD-4A9C-AABC-E2099CC1CAA4}.Release|Any CPU.Build.0 = Release|Any CPU
		{FA582AA0-BDDD-4A9C-AABC-E2099CC1CAA4}.Release|iPhone.ActiveCfg = Release|Any CPU
		{FA582AA0-BDDD-4A9C-AABC-E2099CC1CAA4}.Release|iPhone.Build.0 = Release|Any CPU
		{FA582AA0-BDDD-4A9C-AABC-E2099CC1CAA4}.Release|iPhoneSimulator.ActiveCfg = Release|Any CPU
		{FA582AA0-BDDD-4A9C-AABC-E2099CC1CAA4}.Release|iPhoneSimulator.Build.0 = Release|Any CPU
		{F3169BB6-77AE-4D8A-9854-2ECCCF73B7A6}.Ad-Hoc|Any CPU.ActiveCfg = Debug|Any CPU
		{F3169BB6-77AE-4D8A-9854-2ECCCF73B7A6}.Ad-Hoc|Any CPU.Build.0 = Debug|Any CPU
		{F3169BB6-77AE-4D8A-9854-2ECCCF73B7A6}.Ad-Hoc|Any CPU.Deploy.0 = Debug|Any CPU
		{F3169BB6-77AE-4D8A-9854-2ECCCF73B7A6}.Ad-Hoc|iPhone.ActiveCfg = Debug|Any CPU
		{F3169BB6-77AE-4D8A-9854-2ECCCF73B7A6}.Ad-Hoc|iPhone.Build.0 = Debug|Any CPU
		{F3169BB6-77AE-4D8A-9854-2ECCCF73B7A6}.Ad-Hoc|iPhone.Deploy.0 = Debug|Any CPU
		{F3169BB6-77AE-4D8A-9854-2ECCCF73B7A6}.Ad-Hoc|iPhoneSimulator.ActiveCfg = Debug|Any CPU
		{F3169BB6-77AE-4D8A-9854-2ECCCF73B7A6}.Ad-Hoc|iPhoneSimulator.Build.0 = Debug|Any CPU
		{F3169BB6-77AE-4D8A-9854-2ECCCF73B7A6}.Ad-Hoc|iPhoneSimulator.Deploy.0 = Debug|Any CPU
		{F3169BB6-77AE-4D8A-9854-2ECCCF73B7A6}.AppStore|Any CPU.ActiveCfg = Debug|Any CPU
		{F3169BB6-77AE-4D8A-9854-2ECCCF73B7A6}.AppStore|Any CPU.Build.0 = Debug|Any CPU
		{F3169BB6-77AE-4D8A-9854-2ECCCF73B7A6}.AppStore|Any CPU.Deploy.0 = Debug|Any CPU
		{F3169BB6-77AE-4D8A-9854-2ECCCF73B7A6}.AppStore|iPhone.ActiveCfg = Debug|Any CPU
		{F3169BB6-77AE-4D8A-9854-2ECCCF73B7A6}.AppStore|iPhone.Build.0 = Debug|Any CPU
		{F3169BB6-77AE-4D8A-9854-2ECCCF73B7A6}.AppStore|iPhone.Deploy.0 = Debug|Any CPU
		{F3169BB6-77AE-4D8A-9854-2ECCCF73B7A6}.AppStore|iPhoneSimulator.ActiveCfg = Debug|Any CPU
		{F3169BB6-77AE-4D8A-9854-2ECCCF73B7A6}.AppStore|iPhoneSimulator.Build.0 = Debug|Any CPU
		{F3169BB6-77AE-4D8A-9854-2ECCCF73B7A6}.AppStore|iPhoneSimulator.Deploy.0 = Debug|Any CPU
		{F3169BB6-77AE-4D8A-9854-2ECCCF73B7A6}.Debug|Any CPU.ActiveCfg = Debug|Any CPU
		{F3169BB6-77AE-4D8A-9854-2ECCCF73B7A6}.Debug|Any CPU.Build.0 = Debug|Any CPU
		{F3169BB6-77AE-4D8A-9854-2ECCCF73B7A6}.Debug|Any CPU.Deploy.0 = Debug|Any CPU
		{F3169BB6-77AE-4D8A-9854-2ECCCF73B7A6}.Debug|iPhone.ActiveCfg = Debug|Any CPU
		{F3169BB6-77AE-4D8A-9854-2ECCCF73B7A6}.Debug|iPhone.Build.0 = Debug|Any CPU
		{F3169BB6-77AE-4D8A-9854-2ECCCF73B7A6}.Debug|iPhone.Deploy.0 = Debug|Any CPU
		{F3169BB6-77AE-4D8A-9854-2ECCCF73B7A6}.Debug|iPhoneSimulator.ActiveCfg = Debug|Any CPU
		{F3169BB6-77AE-4D8A-9854-2ECCCF73B7A6}.Debug|iPhoneSimulator.Build.0 = Debug|Any CPU
		{F3169BB6-77AE-4D8A-9854-2ECCCF73B7A6}.Debug|iPhoneSimulator.Deploy.0 = Debug|Any CPU
		{F3169BB6-77AE-4D8A-9854-2ECCCF73B7A6}.Release|Any CPU.ActiveCfg = Release|Any CPU
		{F3169BB6-77AE-4D8A-9854-2ECCCF73B7A6}.Release|Any CPU.Build.0 = Release|Any CPU
		{F3169BB6-77AE-4D8A-9854-2ECCCF73B7A6}.Release|Any CPU.Deploy.0 = Release|Any CPU
		{F3169BB6-77AE-4D8A-9854-2ECCCF73B7A6}.Release|iPhone.ActiveCfg = Release|Any CPU
		{F3169BB6-77AE-4D8A-9854-2ECCCF73B7A6}.Release|iPhone.Build.0 = Release|Any CPU
		{F3169BB6-77AE-4D8A-9854-2ECCCF73B7A6}.Release|iPhone.Deploy.0 = Release|Any CPU
		{F3169BB6-77AE-4D8A-9854-2ECCCF73B7A6}.Release|iPhoneSimulator.ActiveCfg = Release|Any CPU
		{F3169BB6-77AE-4D8A-9854-2ECCCF73B7A6}.Release|iPhoneSimulator.Build.0 = Release|Any CPU
		{F3169BB6-77AE-4D8A-9854-2ECCCF73B7A6}.Release|iPhoneSimulator.Deploy.0 = Release|Any CPU
		{33DAC53C-94CF-4C5F-8CB7-2EBF8A92F0E3}.Ad-Hoc|Any CPU.ActiveCfg = Ad-Hoc|iPhoneSimulator
		{33DAC53C-94CF-4C5F-8CB7-2EBF8A92F0E3}.Ad-Hoc|iPhone.ActiveCfg = Ad-Hoc|iPhone
		{33DAC53C-94CF-4C5F-8CB7-2EBF8A92F0E3}.Ad-Hoc|iPhone.Build.0 = Ad-Hoc|iPhone
		{33DAC53C-94CF-4C5F-8CB7-2EBF8A92F0E3}.Ad-Hoc|iPhoneSimulator.ActiveCfg = Ad-Hoc|iPhoneSimulator
		{33DAC53C-94CF-4C5F-8CB7-2EBF8A92F0E3}.Ad-Hoc|iPhoneSimulator.Build.0 = Ad-Hoc|iPhoneSimulator
		{33DAC53C-94CF-4C5F-8CB7-2EBF8A92F0E3}.AppStore|Any CPU.ActiveCfg = AppStore|iPhoneSimulator
		{33DAC53C-94CF-4C5F-8CB7-2EBF8A92F0E3}.AppStore|iPhone.ActiveCfg = AppStore|iPhone
		{33DAC53C-94CF-4C5F-8CB7-2EBF8A92F0E3}.AppStore|iPhone.Build.0 = AppStore|iPhone
		{33DAC53C-94CF-4C5F-8CB7-2EBF8A92F0E3}.AppStore|iPhoneSimulator.ActiveCfg = AppStore|iPhoneSimulator
		{33DAC53C-94CF-4C5F-8CB7-2EBF8A92F0E3}.AppStore|iPhoneSimulator.Build.0 = AppStore|iPhoneSimulator
		{33DAC53C-94CF-4C5F-8CB7-2EBF8A92F0E3}.Debug|Any CPU.ActiveCfg = Debug|iPhoneSimulator
		{33DAC53C-94CF-4C5F-8CB7-2EBF8A92F0E3}.Debug|iPhone.ActiveCfg = Debug|iPhone
		{33DAC53C-94CF-4C5F-8CB7-2EBF8A92F0E3}.Debug|iPhone.Build.0 = Debug|iPhone
		{33DAC53C-94CF-4C5F-8CB7-2EBF8A92F0E3}.Debug|iPhoneSimulator.ActiveCfg = Debug|iPhoneSimulator
		{33DAC53C-94CF-4C5F-8CB7-2EBF8A92F0E3}.Debug|iPhoneSimulator.Build.0 = Debug|iPhoneSimulator
		{33DAC53C-94CF-4C5F-8CB7-2EBF8A92F0E3}.Release|Any CPU.ActiveCfg = Release|iPhoneSimulator
		{33DAC53C-94CF-4C5F-8CB7-2EBF8A92F0E3}.Release|iPhone.ActiveCfg = Release|iPhone
		{33DAC53C-94CF-4C5F-8CB7-2EBF8A92F0E3}.Release|iPhone.Build.0 = Release|iPhone
		{33DAC53C-94CF-4C5F-8CB7-2EBF8A92F0E3}.Release|iPhoneSimulator.ActiveCfg = Release|iPhoneSimulator
		{33DAC53C-94CF-4C5F-8CB7-2EBF8A92F0E3}.Release|iPhoneSimulator.Build.0 = Release|iPhoneSimulator
		{305D85FC-1253-49F9-96CE-5FF6FC20A01C}.Ad-Hoc|Any CPU.ActiveCfg = Debug|Any CPU
		{305D85FC-1253-49F9-96CE-5FF6FC20A01C}.Ad-Hoc|Any CPU.Build.0 = Debug|Any CPU
		{305D85FC-1253-49F9-96CE-5FF6FC20A01C}.Ad-Hoc|iPhone.ActiveCfg = Debug|Any CPU
		{305D85FC-1253-49F9-96CE-5FF6FC20A01C}.Ad-Hoc|iPhone.Build.0 = Debug|Any CPU
		{305D85FC-1253-49F9-96CE-5FF6FC20A01C}.Ad-Hoc|iPhoneSimulator.ActiveCfg = Debug|Any CPU
		{305D85FC-1253-49F9-96CE-5FF6FC20A01C}.Ad-Hoc|iPhoneSimulator.Build.0 = Debug|Any CPU
		{305D85FC-1253-49F9-96CE-5FF6FC20A01C}.AppStore|Any CPU.ActiveCfg = Debug|Any CPU
		{305D85FC-1253-49F9-96CE-5FF6FC20A01C}.AppStore|Any CPU.Build.0 = Debug|Any CPU
		{305D85FC-1253-49F9-96CE-5FF6FC20A01C}.AppStore|iPhone.ActiveCfg = Debug|Any CPU
		{305D85FC-1253-49F9-96CE-5FF6FC20A01C}.AppStore|iPhone.Build.0 = Debug|Any CPU
		{305D85FC-1253-49F9-96CE-5FF6FC20A01C}.AppStore|iPhoneSimulator.ActiveCfg = Debug|Any CPU
		{305D85FC-1253-49F9-96CE-5FF6FC20A01C}.AppStore|iPhoneSimulator.Build.0 = Debug|Any CPU
		{305D85FC-1253-49F9-96CE-5FF6FC20A01C}.Debug|Any CPU.ActiveCfg = Debug|Any CPU
		{305D85FC-1253-49F9-96CE-5FF6FC20A01C}.Debug|Any CPU.Build.0 = Debug|Any CPU
		{305D85FC-1253-49F9-96CE-5FF6FC20A01C}.Debug|iPhone.ActiveCfg = Debug|Any CPU
		{305D85FC-1253-49F9-96CE-5FF6FC20A01C}.Debug|iPhone.Build.0 = Debug|Any CPU
		{305D85FC-1253-49F9-96CE-5FF6FC20A01C}.Debug|iPhoneSimulator.ActiveCfg = Debug|Any CPU
		{305D85FC-1253-49F9-96CE-5FF6FC20A01C}.Debug|iPhoneSimulator.Build.0 = Debug|Any CPU
		{305D85FC-1253-49F9-96CE-5FF6FC20A01C}.Release|Any CPU.ActiveCfg = Release|Any CPU
		{305D85FC-1253-49F9-96CE-5FF6FC20A01C}.Release|Any CPU.Build.0 = Release|Any CPU
		{305D85FC-1253-49F9-96CE-5FF6FC20A01C}.Release|iPhone.ActiveCfg = Release|Any CPU
		{305D85FC-1253-49F9-96CE-5FF6FC20A01C}.Release|iPhone.Build.0 = Release|Any CPU
		{305D85FC-1253-49F9-96CE-5FF6FC20A01C}.Release|iPhoneSimulator.ActiveCfg = Release|Any CPU
		{305D85FC-1253-49F9-96CE-5FF6FC20A01C}.Release|iPhoneSimulator.Build.0 = Release|Any CPU
	EndGlobalSection
	GlobalSection(SolutionProperties) = preSolution
		HideSolutionNode = FALSE
	EndGlobalSection
	GlobalSection(ExtensibilityGlobals) = postSolution
		SolutionGuid = {1C629996-EB7F-40FB-A553-3D289761C1F1}
	EndGlobalSection
EndGlobal
